
Microsoft Visual Studio Solution File, Format Version 12.00
# Visual Studio Version 17
VisualStudioVersion = 17.6.33801.468
MinimumVisualStudioVersion = 10.0.40219.1
Project("{FAE04EC0-301F-11D3-BF4B-00C04F79EFBC}") = "Web_test2", "Web_test2\Web_test2.csproj", "{0BD56641-24ED-4169-9D6B-0DA14B591D31}"
EndProject
Global
	GlobalSection(SolutionConfigurationPlatforms) = preSolution
		Debug|Any CPU = Debug|Any CPU
		Release|Any CPU = Release|Any CPU
	EndGlobalSection
	GlobalSection(ProjectConfigurationPlatforms) = postSolution
		{0BD56641-24ED-4169-9D6B-0DA14B591D31}.Debug|Any CPU.ActiveCfg = Debug|Any CPU
		{0BD56641-24ED-4169-9D6B-0DA14B591D31}.Debug|Any CPU.Build.0 = Debug|Any CPU
		{0BD56641-24ED-4169-9D6B-0DA14B591D31}.Release|Any CPU.ActiveCfg = Release|Any CPU
		{0BD56641-24ED-4169-9D6B-0DA14B591D31}.Release|Any CPU.Build.0 = Release|Any CPU
	EndGlobalSection
	GlobalSection(SolutionProperties) = preSolution
		HideSolutionNode = FALSE
	EndGlobalSection
	GlobalSection(ExtensibilityGlobals) = postSolution
		SolutionGuid = {FB5A66A0-F4CD-4378-8C3E-0C882864F225}
	EndGlobalSection
EndGlobal
